
Microsoft Visual Studio Solution File, Format Version 12.00
# Visual Studio Version 17
VisualStudioVersion = 17.13.35806.99
MinimumVisualStudioVersion = 10.0.40219.1
Project("{FAE04EC0-301F-11D3-BF4B-00C04F79EFBC}") = "dithering nightmare", "dithering nightmare\dithering nightmare.csproj", "{A4DE6C7F-BA9D-4755-B45F-99F187D45687}"
EndProject
Project("{2150E333-8FDC-42A3-9474-1A3956D46DE8}") = "Solution Items", "Solution Items", "{02EA681E-C7D8-13C7-8484-4AC65E1B71E8}"
	ProjectSection(SolutionItems) = preProject
		.editorconfig = .editorconfig
	EndProjectSection
EndProject
Project("{2150E333-8FDC-42A3-9474-1A3956D46DE8}") = "img", "img", "{CB60AD8E-BA6C-41B8-A0B9-CD5077F97128}"
EndProject
Global
	GlobalSection(SolutionConfigurationPlatforms) = preSolution
		Debug|Any CPU = Debug|Any CPU
		Release|Any CPU = Release|Any CPU
	EndGlobalSection
	GlobalSection(ProjectConfigurationPlatforms) = postSolution
		{A4DE6C7F-BA9D-4755-B45F-99F187D45687}.Debug|Any CPU.ActiveCfg = Debug|Any CPU
		{A4DE6C7F-BA9D-4755-B45F-99F187D45687}.Debug|Any CPU.Build.0 = Debug|Any CPU
		{A4DE6C7F-BA9D-4755-B45F-99F187D45687}.Release|Any CPU.ActiveCfg = Release|Any CPU
		{A4DE6C7F-BA9D-4755-B45F-99F187D45687}.Release|Any CPU.Build.0 = Release|Any CPU
	EndGlobalSection
	GlobalSection(SolutionProperties) = preSolution
		HideSolutionNode = FALSE
	EndGlobalSection
	GlobalSection(ExtensibilityGlobals) = postSolution
		SolutionGuid = {72A29519-86CF-4D4E-BCD0-D99885380787}
	EndGlobalSection
EndGlobal
